// !$*UTF8*$!
{
	archiveVersion = 1;
	classes = {
	};
	objectVersion = 46;
	objects = {

/* Begin PBXBuildFile section */
		FEA85EC91C5F3925007D7759 /* main.m in Sources */ = {isa = PBXBuildFile; fileRef = FEA85EC81C5F3925007D7759 /* main.m */; };
		FEA85ECC1C5F3925007D7759 /* AppDelegate.m in Sources */ = {isa = PBXBuildFile; fileRef = FEA85ECB1C5F3925007D7759 /* AppDelegate.m */; };
		FEA85ECE1C5F3925007D7759 /* art.scnassets in Resources */ = {isa = PBXBuildFile; fileRef = FEA85ECD1C5F3925007D7759 /* art.scnassets */; };
		FEA85ED11C5F3925007D7759 /* GameViewController.m in Sources */ = {isa = PBXBuildFile; fileRef = FEA85ED01C5F3925007D7759 /* GameViewController.m */; };
		FEA85ED41C5F3925007D7759 /* Main.storyboard in Resources */ = {isa = PBXBuildFile; fileRef = FEA85ED21C5F3925007D7759 /* Main.storyboard */; };
		FEA85ED61C5F3925007D7759 /* Assets.xcassets in Resources */ = {isa = PBXBuildFile; fileRef = FEA85ED51C5F3925007D7759 /* Assets.xcassets */; };
		FEA85ED91C5F3925007D7759 /* LaunchScreen.storyboard in Resources */ = {isa = PBXBuildFile; fileRef = FEA85ED71C5F3925007D7759 /* LaunchScreen.storyboard */; };
/* End PBXBuildFile section */

/* Begin PBXFileReference section */
		FEA85EC41C5F3925007D7759 /* QuickStart.app */ = {isa = PBXFileReference; explicitFileType = wrapper.application; includeInIndex = 0; path = QuickStart.app; sourceTree = BUILT_PRODUCTS_DIR; };
		FEA85EC81C5F3925007D7759 /* main.m */ = {isa = PBXFileReference; lastKnownFileType = sourcecode.c.objc; path = main.m; sourceTree = "<group>"; };
		FEA85ECA1C5F3925007D7759 /* AppDelegate.h */ = {isa = PBXFileReference; lastKnownFileType = sourcecode.c.h; path = AppDelegate.h; sourceTree = "<group>"; };
		FEA85ECB1C5F3925007D7759 /* AppDelegate.m */ = {isa = PBXFileReference; lastKnownFileType = sourcecode.c.objc; path = AppDelegate.m; sourceTree = "<group>"; };
		FEA85ECD1C5F3925007D7759 /* art.scnassets */ = {isa = PBXFileReference; lastKnownFileType = wrapper.scnassets; path = art.scnassets; sourceTree = "<group>"; };
		FEA85ECF1C5F3925007D7759 /* GameViewController.h */ = {isa = PBXFileReference; lastKnownFileType = sourcecode.c.h; path = GameViewController.h; sourceTree = "<group>"; };
		FEA85ED01C5F3925007D7759 /* GameViewController.m */ = {isa = PBXFileReference; lastKnownFileType = sourcecode.c.objc; path = GameViewController.m; sourceTree = "<group>"; };
		FEA85ED31C5F3925007D7759 /* Base */ = {isa = PBXFileReference; lastKnownFileType = file.storyboard; name = Base; path = Base.lproj/Main.storyboard; sourceTree = "<group>"; };
		FEA85ED51C5F3925007D7759 /* Assets.xcassets */ = {isa = PBXFileReference; lastKnownFileType = folder.assetcatalog; path = Assets.xcassets; sourceTree = "<group>"; };
		FEA85ED81C5F3925007D7759 /* Base */ = {isa = PBXFileReference; lastKnownFileType = file.storyboard; name = Base; path = Base.lproj/LaunchScreen.storyboard; sourceTree = "<group>"; };
		FEA85EDA1C5F3925007D7759 /* Info.plist */ = {isa = PBXFileReference; lastKnownFileType = text.plist.xml; path = Info.plist; sourceTree = "<group>"; };
/* End PBXFileReference section */

/* Begin PBXFrameworksBuildPhase section */
		FEA85EC11C5F3925007D7759 /* Frameworks */ = {
			isa = PBXFrameworksBuildPhase;
			buildActionMask = 2147483647;
			files = (
			);
			runOnlyForDeploymentPostprocessing = 0;
		};
/* End PBXFrameworksBuildPhase section */

/* Begin PBXGroup section */
		FEA85EBB1C5F3925007D7759 = {
			isa = PBXGroup;
			children = (
				FEA85EC61C5F3925007D7759 /* QuickStart */,
				FEA85EC51C5F3925007D7759 /* Products */,
			);
			sourceTree = "<group>";
		};
		FEA85EC51C5F3925007D7759 /* Products */ = {
			isa = PBXGroup;
			children = (
				FEA85EC41C5F3925007D7759 /* QuickStart.app */,
			);
			name = Products;
			sourceTree = "<group>";
		};
		FEA85EC61C5F3925007D7759 /* QuickStart */ = {
			isa = PBXGroup;
			children = (
				FEA85ECA1C5F3925007D7759 /* AppDelegate.h */,
				FEA85ECB1C5F3925007D7759 /* AppDelegate.m */,
				FEA85ECD1C5F3925007D7759 /* art.scnassets */,
				FEA85ECF1C5F3925007D7759 /* GameViewController.h */,
				FEA85ED01C5F3925007D7759 /* GameViewController.m */,
				FEA85ED21C5F3925007D7759 /* Main.storyboard */,
				FEA85ED51C5F3925007D7759 /* Assets.xcassets */,
				FEA85ED71C5F3925007D7759 /* LaunchScreen.storyboard */,
				FEA85EDA1C5F3925007D7759 /* Info.plist */,
				FEA85EC71C5F3925007D7759 /* Supporting Files */,
			);
			path = QuickStart;
			sourceTree = "<group>";
		};
		FEA85EC71C5F3925007D7759 /* Supporting Files */ = {
			isa = PBXGroup;
			children = (
				FEA85EC81C5F3925007D7759 /* main.m */,
			);
			name = "Supporting Files";
			sourceTree = "<group>";
		};
/* End PBXGroup section */

/* Begin PBXNativeTarget section */
		FEA85EC31C5F3925007D7759 /* QuickStart */ = {
			isa = PBXNativeTarget;
			buildConfigurationList = FEA85EDD1C5F3925007D7759 /* Build configuration list for PBXNativeTarget "QuickStart" */;
			buildPhases = (
				FEA85EC01C5F3925007D7759 /* Sources */,
				FEA85EC11C5F3925007D7759 /* Frameworks */,
				FEA85EC21C5F3925007D7759 /* Resources */,
			);
			buildRules = (
			);
			dependencies = (
			);
			name = QuickStart;
			productName = QuickStart;
			productReference = FEA85EC41C5F3925007D7759 /* QuickStart.app */;
			productType = "com.apple.product-type.application";
		};
/* End PBXNativeTarget section */

/* Begin PBXProject section */
		FEA85EBC1C5F3925007D7759 /* Project object */ = {
			isa = PBXProject;
			attributes = {
				LastUpgradeCheck = 0720;
				ORGANIZATIONNAME = xincheng;
				TargetAttributes = {
					FEA85EC31C5F3925007D7759 = {
						CreatedOnToolsVersion = 7.2;
					};
				};
			};
			buildConfigurationList = FEA85EBF1C5F3925007D7759 /* Build configuration list for PBXProject "QuickStart" */;
			compatibilityVersion = "Xcode 3.2";
			developmentRegion = English;
			hasScannedForEncodings = 0;
			knownRegions = (
				en,
				Base,
			);
			mainGroup = FEA85EBB1C5F3925007D7759;
			productRefGroup = FEA85EC51C5F3925007D7759 /* Products */;
			projectDirPath = "";
			projectRoot = "";
			targets = (
				FEA85EC31C5F3925007D7759 /* QuickStart */,
			);
		};
/* End PBXProject section */

/* Begin PBXResourcesBuildPhase section */
		FEA85EC21C5F3925007D7759 /* Resources */ = {
			isa = PBXResourcesBuildPhase;
			buildActionMask = 2147483647;
			files = (
				FEA85ECE1C5F3925007D7759 /* art.scnassets in Resources */,
				FEA85ED91C5F3925007D7759 /* LaunchScreen.storyboard in Resources */,
				FEA85ED61C5F3925007D7759 /* Assets.xcassets in Resources */,
				FEA85ED41C5F3925007D7759 /* Main.storyboard in Resources */,
			);
			runOnlyForDeploymentPostprocessing = 0;
		};
/* End PBXResourcesBuildPhase section */

/* Begin PBXSourcesBuildPhase section */
		FEA85EC01C5F3925007D7759 /* Sources */ = {
			isa = PBXSourcesBuildPhase;
			buildActionMask = 2147483647;
			files = (
				FEA85ECC1C5F3925007D7759 /* AppDelegate.m in Sources */,
				FEA85ED11C5F3925007D7759 /* GameViewController.m in Sources */,
				FEA85EC91C5F3925007D7759 /* main.m in Sources */,
			);
			runOnlyForDeploymentPostprocessing = 0;
		};
/* End PBXSourcesBuildPhase section */

/* Begin PBXVariantGroup section */
		FEA85ED21C5F3925007D7759 /* Main.storyboard */ = {
			isa = PBXVariantGroup;
			children = (
				FEA85ED31C5F3925007D7759 /* Base */,
			);
			name = Main.storyboard;
			sourceTree = "<group>";
		};
		FEA85ED71C5F3925007D7759 /* LaunchScreen.storyboard */ = {
			isa = PBXVariantGroup;
			children = (
				FEA85ED81C5F3925007D7759 /* Base */,
			);
			name = LaunchScreen.storyboard;
			sourceTree = "<group>";
		};
/* End PBXVariantGroup section */

/* Begin XCBuildConfiguration section */
		FEA85EDB1C5F3925007D7759 /* Debug */ = {
			isa = XCBuildConfiguration;
			buildSettings = {
				ALWAYS_SEARCH_USER_PATHS = NO;
				CLANG_CXX_LANGUAGE_STANDARD = "gnu++0x";
				CLANG_CXX_LIBRARY = "libc++";
				CLANG_ENABLE_MODULES = YES;
				CLANG_ENABLE_OBJC_ARC = YES;
				CLANG_WARN_BOOL_CONVERSION = YES;
				CLANG_WARN_CONSTANT_CONVERSION = YES;
				CLANG_WARN_DIRECT_OBJC_ISA_USAGE = YES_ERROR;
				CLANG_WARN_EMPTY_BODY = YES;
				CLANG_WARN_ENUM_CONVERSION = YES;
				CLANG_WARN_INT_CONVERSION = YES;
				CLANG_WARN_OBJC_ROOT_CLASS = YES_ERROR;
				CLANG_WARN_UNREACHABLE_CODE = YES;
				CLANG_WARN__DUPLICATE_METHOD_MATCH = YES;
				"CODE_SIGN_IDENTITY[sdk=iphoneos*]" = "iPhone Developer";
				COPY_PHASE_STRIP = NO;
				DEBUG_INFORMATION_FORMAT = "dwarf-with-dsym";
				ENABLE_STRICT_OBJC_MSGSEND = YES;
				ENABLE_TESTABILITY = YES;
				GCC_C_LANGUAGE_STANDARD = gnu99;
				GCC_DYNAMIC_NO_PIC = NO;
				GCC_NO_COMMON_BLOCKS = YES;
				GCC_OPTIMIZATION_LEVEL = 0;
				GCC_PREPROCESSOR_DEFINITIONS = (
					"DEBUG=1",
					"$(inherited)",
				);
				GCC_WARN_64_TO_32_BIT_CONVERSION = YES;
				GCC_WARN_ABOUT_RETURN_TYPE = YES_ERROR;
				GCC_WARN_UNDECLARED_SELECTOR = YES;
				GCC_WARN_UNINITIALIZED_AUTOS = YES_AGGRESSIVE;
				GCC_WARN_UNUSED_FUNCTION = YES;
				GCC_WARN_UNUSED_VARIABLE = YES;
				IPHONEOS_DEPLOYMENT_TARGET = 9.2;
				MTL_ENABLE_DEBUG_INFO = YES;
				ONLY_ACTIVE_ARCH = YES;
				SDKROOT = iphoneos;
			};
			name = Debug;
		};
		FEA85EDC1C5F3925007D7759 /* Release */ = {
			isa = XCBuildConfiguration;
			buildSettings = {
				ALWAYS_SEARCH_USER_PATHS = NO;
				CLANG_CXX_LANGUAGE_STANDARD = "gnu++0x";
				CLANG_CXX_LIBRARY = "libc++";
				CLANG_ENABLE_MODULES = YES;
				CLANG_ENABLE_OBJC_ARC = YES;
				CLANG_WARN_BOOL_CONVERSION = YES;
				CLANG_WARN_CONSTANT_CONVERSION = YES;
				CLANG_WARN_DIRECT_OBJC_ISA_USAGE = YES_ERROR;
				CLANG_WARN_EMPTY_BODY = YES;
				CLANG_WARN_ENUM_CONVERSION = YES;
				CLANG_WARN_INT_CONVERSION = YES;
				CLANG_WARN_OBJC_ROOT_CLASS = YES_ERROR;
				CLANG_WARN_UNREACHABLE_CODE = YES;
				CLANG_WARN__DUPLICATE_METHOD_MATCH = YES;
				"CODE_SIGN_IDENTITY[sdk=iphoneos*]" = "iPhone Developer";
				COPY_PHASE_STRIP = NO;
				DEBUG_INFORMATION_FORMAT = "dwarf-with-dsym";
				ENABLE_NS_ASSERTIONS = NO;
				ENABLE_STRICT_OBJC_MSGSEND = YES;
				GCC_C_LANGUAGE_STANDARD = gnu99;
				GCC_NO_COMMON_BLOCKS = YES;
				GCC_WARN_64_TO_32_BIT_CONVERSION = YES;
				GCC_WARN_ABOUT_RETURN_TYPE = YES_ERROR;
				GCC_WARN_UNDECLARED_SELECTOR = YES;
				GCC_WARN_UNINITIALIZED_AUTOS = YES_AGGRESSIVE;
				GCC_WARN_UNUSED_FUNCTION = YES;
				GCC_WARN_UNUSED_VARIABLE = YES;
				IPHONEOS_DEPLOYMENT_TARGET = 9.2;
				MTL_ENABLE_DEBUG_INFO = NO;
				SDKROOT = iphoneos;
				VALIDATE_PRODUCT = YES;
			};
			name = Release;
		};
		FEA85EDE1C5F3925007D7759 /* Debug */ = {
			isa = XCBuildConfiguration;
			buildSettings = {
				ASSETCATALOG_COMPILER_APPICON_NAME = AppIcon;
				INFOPLIST_FILE = QuickStart/Info.plist;
				LD_RUNPATH_SEARCH_PATHS = "$(inherited) @executable_path/Frameworks";
				PRODUCT_BUNDLE_IDENTIFIER = com.xincheng.wow.QuickStart;
				PRODUCT_NAME = "$(TARGET_NAME)";
			};
			name = Debug;
		};
		FEA85EDF1C5F3925007D7759 /* Release */ = {
			isa = XCBuildConfiguration;
			buildSettings = {
				ASSETCATALOG_COMPILER_APPICON_NAME = AppIcon;
				INFOPLIST_FILE = QuickStart/Info.plist;
				LD_RUNPATH_SEARCH_PATHS = "$(inherited) @executable_path/Frameworks";
				PRODUCT_BUNDLE_IDENTIFIER = com.xincheng.wow.QuickStart;
				PRODUCT_NAME = "$(TARGET_NAME)";
			};
			name = Release;
		};
/* End XCBuildConfiguration section */

/* Begin XCConfigurationList section */
		FEA85EBF1C5F3925007D7759 /* Build configuration list for PBXProject "QuickStart" */ = {
			isa = XCConfigurationList;
			buildConfigurations = (
				FEA85EDB1C5F3925007D7759 /* Debug */,
				FEA85EDC1C5F3925007D7759 /* Release */,
			);
			defaultConfigurationIsVisible = 0;
			defaultConfigurationName = Release;
		};
		FEA85EDD1C5F3925007D7759 /* Build configuration list for PBXNativeTarget "QuickStart" */ = {
			isa = XCConfigurationList;
			buildConfigurations = (
				FEA85EDE1C5F3925007D7759 /* Debug */,
				FEA85EDF1C5F3925007D7759 /* Release */,
			);
			defaultConfigurationIsVisible = 0;
		};
/* End XCConfigurationList section */
	};
	rootObject = FEA85EBC1C5F3925007D7759 /* Project object */;
}
